// !$*UTF8*$!
{
	archiveVersion = 1;
	classes = {
	};
	objectVersion = 50;
	objects = {

/* Begin PBXBuildFile section */
		BE5C87E8209A977F002DA6EF /* AppDelegate.swift in Sources */ = {isa = PBXBuildFile; fileRef = BE5C87E7209A977F002DA6EF /* AppDelegate.swift */; };
		BE5C87EA209A977F002DA6EF /* MapViewController.swift in Sources */ = {isa = PBXBuildFile; fileRef = BE5C87E9209A977F002DA6EF /* MapViewController.swift */; };
		BE5C87EF209A9780002DA6EF /* Assets.xcassets in Resources */ = {isa = PBXBuildFile; fileRef = BE5C87EE209A9780002DA6EF /* Assets.xcassets */; };
		BE5C87FA209A97AB002DA6EF /* default.xib in Resources */ = {isa = PBXBuildFile; fileRef = BE5C87F9209A97AB002DA6EF /* default.xib */; };
		BE5C87FF209A97F1002DA6EF /* MyCoreLocation.swift in Sources */ = {isa = PBXBuildFile; fileRef = BE5C87FE209A97F1002DA6EF /* MyCoreLocation.swift */; };
		BEF2D7F5209AB89A009A7059 /* AppDelegate + Ext.swift in Sources */ = {isa = PBXBuildFile; fileRef = BEF2D7F4209AB89A009A7059 /* AppDelegate + Ext.swift */; };
		BEF82380209AA6A3002E1B88 /* AppDelegate + CoreLoc.swift in Sources */ = {isa = PBXBuildFile; fileRef = BEF8237F209AA6A3002E1B88 /* AppDelegate + CoreLoc.swift */; };
		BEF82382209AA6FC002E1B88 /* MapViewController + MapKit.swift in Sources */ = {isa = PBXBuildFile; fileRef = BEF82381209AA6FC002E1B88 /* MapViewController + MapKit.swift */; };
/* End PBXBuildFile section */

/* Begin PBXFileReference section */
		BE5C87E4209A977F002DA6EF /* mapkitdemo.app */ = {isa = PBXFileReference; explicitFileType = wrapper.application; includeInIndex = 0; path = mapkitdemo.app; sourceTree = BUILT_PRODUCTS_DIR; };
		BE5C87E7209A977F002DA6EF /* AppDelegate.swift */ = {isa = PBXFileReference; lastKnownFileType = sourcecode.swift; path = AppDelegate.swift; sourceTree = "<group>"; };
		BE5C87E9209A977F002DA6EF /* MapViewController.swift */ = {isa = PBXFileReference; lastKnownFileType = sourcecode.swift; path = MapViewController.swift; sourceTree = "<group>"; };
		BE5C87EE209A9780002DA6EF /* Assets.xcassets */ = {isa = PBXFileReference; lastKnownFileType = folder.assetcatalog; path = Assets.xcassets; sourceTree = "<group>"; };
		BE5C87F3209A9780002DA6EF /* Info.plist */ = {isa = PBXFileReference; lastKnownFileType = text.plist.xml; path = Info.plist; sourceTree = "<group>"; };
		BE5C87F9209A97AB002DA6EF /* default.xib */ = {isa = PBXFileReference; lastKnownFileType = file.xib; path = default.xib; sourceTree = "<group>"; };
		BE5C87FE209A97F1002DA6EF /* MyCoreLocation.swift */ = {isa = PBXFileReference; lastKnownFileType = sourcecode.swift; path = MyCoreLocation.swift; sourceTree = "<group>"; };
		BEF2D7F4209AB89A009A7059 /* AppDelegate + Ext.swift */ = {isa = PBXFileReference; lastKnownFileType = sourcecode.swift; path = "AppDelegate + Ext.swift"; sourceTree = "<group>"; };
		BEF8237F209AA6A3002E1B88 /* AppDelegate + CoreLoc.swift */ = {isa = PBXFileReference; lastKnownFileType = sourcecode.swift; path = "AppDelegate + CoreLoc.swift"; sourceTree = "<group>"; };
		BEF82381209AA6FC002E1B88 /* MapViewController + MapKit.swift */ = {isa = PBXFileReference; lastKnownFileType = sourcecode.swift; path = "MapViewController + MapKit.swift"; sourceTree = "<group>"; };
/* End PBXFileReference section */

/* Begin PBXFrameworksBuildPhase section */
		BE5C87E1209A977F002DA6EF /* Frameworks */ = {
			isa = PBXFrameworksBuildPhase;
			buildActionMask = 2147483647;
			files = (
			);
			runOnlyForDeploymentPostprocessing = 0;
		};
/* End PBXFrameworksBuildPhase section */

/* Begin PBXGroup section */
		BE5C87DB209A977F002DA6EF = {
			isa = PBXGroup;
			children = (
				BE5C87E6209A977F002DA6EF /* mapkitdemo */,
				BE5C87E5209A977F002DA6EF /* Products */,
			);
			sourceTree = "<group>";
		};
		BE5C87E5209A977F002DA6EF /* Products */ = {
			isa = PBXGroup;
			children = (
				BE5C87E4209A977F002DA6EF /* mapkitdemo.app */,
			);
			name = Products;
			sourceTree = "<group>";
		};
		BE5C87E6209A977F002DA6EF /* mapkitdemo */ = {
			isa = PBXGroup;
			children = (
				BE5C87E7209A977F002DA6EF /* AppDelegate.swift */,
				BE5C87F3209A9780002DA6EF /* Info.plist */,
				BE5C87FD209A97DA002DA6EF /* viewcontrollers */,
				BE5C87FC209A97D3002DA6EF /* extensions */,
				BE5C87FB209A97CD002DA6EF /* modals */,
				BE5C87F9209A97AB002DA6EF /* default.xib */,
			);
			path = mapkitdemo;
			sourceTree = SOURCE_ROOT;
		};
		BE5C87FB209A97CD002DA6EF /* modals */ = {
			isa = PBXGroup;
			children = (
				BE5C87EE209A9780002DA6EF /* Assets.xcassets */,
				BE5C87FE209A97F1002DA6EF /* MyCoreLocation.swift */,
			);
			path = modals;
			sourceTree = "<group>";
		};
		BE5C87FC209A97D3002DA6EF /* extensions */ = {
			isa = PBXGroup;
			children = (
				BEF2D7F4209AB89A009A7059 /* AppDelegate + Ext.swift */,
				BEF8237F209AA6A3002E1B88 /* AppDelegate + CoreLoc.swift */,
				BEF82381209AA6FC002E1B88 /* MapViewController + MapKit.swift */,
			);
			path = extensions;
			sourceTree = "<group>";
		};
		BE5C87FD209A97DA002DA6EF /* viewcontrollers */ = {
			isa = PBXGroup;
			children = (
				BE5C87E9209A977F002DA6EF /* MapViewController.swift */,
			);
			path = viewcontrollers;
			sourceTree = "<group>";
		};
/* End PBXGroup section */

/* Begin PBXNativeTarget section */
		BE5C87E3209A977F002DA6EF /* mapkitdemo */ = {
			isa = PBXNativeTarget;
			buildConfigurationList = BE5C87F6209A9780002DA6EF /* Build configuration list for PBXNativeTarget "mapkitdemo" */;
			buildPhases = (
				BE5C87E0209A977F002DA6EF /* Sources */,
				BE5C87E1209A977F002DA6EF /* Frameworks */,
				BE5C87E2209A977F002DA6EF /* Resources */,
			);
			buildRules = (
			);
			dependencies = (
			);
			name = mapkitdemo;
			productName = mapkit;
			productReference = BE5C87E4209A977F002DA6EF /* mapkitdemo.app */;
			productType = "com.apple.product-type.application";
		};
/* End PBXNativeTarget section */

/* Begin PBXProject section */
		BE5C87DC209A977F002DA6EF /* Project object */ = {
			isa = PBXProject;
			attributes = {
				LastSwiftUpdateCheck = 0930;
				LastUpgradeCheck = 0930;
				ORGANIZATIONNAME = "Mark Hoath";
				TargetAttributes = {
					BE5C87E3209A977F002DA6EF = {
						CreatedOnToolsVersion = 9.3;
					};
				};
			};
			buildConfigurationList = BE5C87DF209A977F002DA6EF /* Build configuration list for PBXProject "mapkitdemo" */;
			compatibilityVersion = "Xcode 9.3";
			developmentRegion = en;
			hasScannedForEncodings = 0;
			knownRegions = (
				en,
				Base,
			);
			mainGroup = BE5C87DB209A977F002DA6EF;
			productRefGroup = BE5C87E5209A977F002DA6EF /* Products */;
			projectDirPath = "";
			projectRoot = "";
			targets = (
				BE5C87E3209A977F002DA6EF /* mapkitdemo */,
			);
		};
/* End PBXProject section */

/* Begin PBXResourcesBuildPhase section */
		BE5C87E2209A977F002DA6EF /* Resources */ = {
			isa = PBXResourcesBuildPhase;
			buildActionMask = 2147483647;
			files = (
				BE5C87EF209A9780002DA6EF /* Assets.xcassets in Resources */,
				BE5C87FA209A97AB002DA6EF /* default.xib in Resources */,
			);
			runOnlyForDeploymentPostprocessing = 0;
		};
/* End PBXResourcesBuildPhase section */

/* Begin PBXSourcesBuildPhase section */
		BE5C87E0209A977F002DA6EF /* Sources */ = {
			isa = PBXSourcesBuildPhase;
			buildActionMask = 2147483647;
			files = (
				BEF82380209AA6A3002E1B88 /* AppDelegate + CoreLoc.swift in Sources */,
				BE5C87FF209A97F1002DA6EF /* MyCoreLocation.swift in Sources */,
				BEF82382209AA6FC002E1B88 /* MapViewController + MapKit.swift in Sources */,
				BE5C87EA209A977F002DA6EF /* MapViewController.swift in Sources */,
				BEF2D7F5209AB89A009A7059 /* AppDelegate + Ext.swift in Sources */,
				BE5C87E8209A977F002DA6EF /* AppDelegate.swift in Sources */,
			);
			runOnlyForDeploymentPostprocessing = 0;
		};
/* End PBXSourcesBuildPhase section */

/* Begin XCBuildConfiguration section */
		BE5C87F4209A9780002DA6EF /* Debug */ = {
			isa = XCBuildConfiguration;
			buildSettings = {
				ALWAYS_SEARCH_USER_PATHS = NO;
				CLANG_ANALYZER_NONNULL = YES;
				CLANG_ANALYZER_NUMBER_OBJECT_CONVERSION = YES_AGGRESSIVE;
				CLANG_CXX_LANGUAGE_STANDARD = "gnu++14";
				CLANG_CXX_LIBRARY = "libc++";
				CLANG_ENABLE_MODULES = YES;
				CLANG_ENABLE_OBJC_ARC = YES;
				CLANG_ENABLE_OBJC_WEAK = YES;
				CLANG_WARN_BLOCK_CAPTURE_AUTORELEASING = YES;
				CLANG_WARN_BOOL_CONVERSION = YES;
				CLANG_WARN_COMMA = YES;
				CLANG_WARN_CONSTANT_CONVERSION = YES;
				CLANG_WARN_DEPRECATED_OBJC_IMPLEMENTATIONS = YES;
				CLANG_WARN_DIRECT_OBJC_ISA_USAGE = YES_ERROR;
				CLANG_WARN_DOCUMENTATION_COMMENTS = YES;
				CLANG_WARN_EMPTY_BODY = YES;
				CLANG_WARN_ENUM_CONVERSION = YES;
				CLANG_WARN_INFINITE_RECURSION = YES;
				CLANG_WARN_INT_CONVERSION = YES;
				CLANG_WARN_NON_LITERAL_NULL_CONVERSION = YES;
				CLANG_WARN_OBJC_IMPLICIT_RETAIN_SELF = YES;
				CLANG_WARN_OBJC_LITERAL_CONVERSION = YES;
				CLANG_WARN_OBJC_ROOT_CLASS = YES_ERROR;
				CLANG_WARN_RANGE_LOOP_ANALYSIS = YES;
				CLANG_WARN_STRICT_PROTOTYPES = YES;
				CLANG_WARN_SUSPICIOUS_MOVE = YES;
				CLANG_WARN_UNGUARDED_AVAILABILITY = YES_AGGRESSIVE;
				CLANG_WARN_UNREACHABLE_CODE = YES;
				CLANG_WARN__DUPLICATE_METHOD_MATCH = YES;
				CODE_SIGN_IDENTITY = "iPhone Developer";
				COPY_PHASE_STRIP = NO;
				DEBUG_INFORMATION_FORMAT = dwarf;
				ENABLE_STRICT_OBJC_MSGSEND = YES;
				ENABLE_TESTABILITY = YES;
				GCC_C_LANGUAGE_STANDARD = gnu11;
				GCC_DYNAMIC_NO_PIC = NO;
				GCC_NO_COMMON_BLOCKS = YES;
				GCC_OPTIMIZATION_LEVEL = 0;
				GCC_PREPROCESSOR_DEFINITIONS = (
					"DEBUG=1",
					"$(inherited)",
				);
				GCC_WARN_64_TO_32_BIT_CONVERSION = YES;
				GCC_WARN_ABOUT_RETURN_TYPE = YES_ERROR;
				GCC_WARN_UNDECLARED_SELECTOR = YES;
				GCC_WARN_UNINITIALIZED_AUTOS = YES_AGGRESSIVE;
				GCC_WARN_UNUSED_FUNCTION = YES;
				GCC_WARN_UNUSED_VARIABLE = YES;
				IPHONEOS_DEPLOYMENT_TARGET = 11.3;
				MTL_ENABLE_DEBUG_INFO = YES;
				ONLY_ACTIVE_ARCH = YES;
				SDKROOT = iphoneos;
				SWIFT_ACTIVE_COMPILATION_CONDITIONS = DEBUG;
				SWIFT_OPTIMIZATION_LEVEL = "-Onone";
			};
			name = Debug;
		};
		BE5C87F5209A9780002DA6EF /* Release */ = {
			isa = XCBuildConfiguration;
			buildSettings = {
				ALWAYS_SEARCH_USER_PATHS = NO;
				CLANG_ANALYZER_NONNULL = YES;
				CLANG_ANALYZER_NUMBER_OBJECT_CONVERSION = YES_AGGRESSIVE;
				CLANG_CXX_LANGUAGE_STANDARD = "gnu++14";
				CLANG_CXX_LIBRARY = "libc++";
				CLANG_ENABLE_MODULES = YES;
				CLANG_ENABLE_OBJC_ARC = YES;
				CLANG_ENABLE_OBJC_WEAK = YES;
				CLANG_WARN_BLOCK_CAPTURE_AUTORELEASING = YES;
				CLANG_WARN_BOOL_CONVERSION = YES;
				CLANG_WARN_COMMA = YES;
				CLANG_WARN_CONSTANT_CONVERSION = YES;
				CLANG_WARN_DEPRECATED_OBJC_IMPLEMENTATIONS = YES;
				CLANG_WARN_DIRECT_OBJC_ISA_USAGE = YES_ERROR;
				CLANG_WARN_DOCUMENTATION_COMMENTS = YES;
				CLANG_WARN_EMPTY_BODY = YES;
				CLANG_WARN_ENUM_CONVERSION = YES;
				CLANG_WARN_INFINITE_RECURSION = YES;
				CLANG_WARN_INT_CONVERSION = YES;
				CLANG_WARN_NON_LITERAL_NULL_CONVERSION = YES;
				CLANG_WARN_OBJC_IMPLICIT_RETAIN_SELF = YES;
				CLANG_WARN_OBJC_LITERAL_CONVERSION = YES;
				CLANG_WARN_OBJC_ROOT_CLASS = YES_ERROR;
				CLANG_WARN_RANGE_LOOP_ANALYSIS = YES;
				CLANG_WARN_STRICT_PROTOTYPES = YES;
				CLANG_WARN_SUSPICIOUS_MOVE = YES;
				CLANG_WARN_UNGUARDED_AVAILABILITY = YES_AGGRESSIVE;
				CLANG_WARN_UNREACHABLE_CODE = YES;
				CLANG_WARN__DUPLICATE_METHOD_MATCH = YES;
				CODE_SIGN_IDENTITY = "iPhone Developer";
				COPY_PHASE_STRIP = NO;
				DEBUG_INFORMATION_FORMAT = "dwarf-with-dsym";
				ENABLE_NS_ASSERTIONS = NO;
				ENABLE_STRICT_OBJC_MSGSEND = YES;
				GCC_C_LANGUAGE_STANDARD = gnu11;
				GCC_NO_COMMON_BLOCKS = YES;
				GCC_WARN_64_TO_32_BIT_CONVERSION = YES;
				GCC_WARN_ABOUT_RETURN_TYPE = YES_ERROR;
				GCC_WARN_UNDECLARED_SELECTOR = YES;
				GCC_WARN_UNINITIALIZED_AUTOS = YES_AGGRESSIVE;
				GCC_WARN_UNUSED_FUNCTION = YES;
				GCC_WARN_UNUSED_VARIABLE = YES;
				IPHONEOS_DEPLOYMENT_TARGET = 11.3;
				MTL_ENABLE_DEBUG_INFO = NO;
				SDKROOT = iphoneos;
				SWIFT_COMPILATION_MODE = wholemodule;
				SWIFT_OPTIMIZATION_LEVEL = "-O";
				VALIDATE_PRODUCT = YES;
			};
			name = Release;
		};
		BE5C87F7209A9780002DA6EF /* Debug */ = {
			isa = XCBuildConfiguration;
			buildSettings = {
				ASSETCATALOG_COMPILER_APPICON_NAME = AppIcon;
				CODE_SIGN_STYLE = Automatic;
				DEVELOPMENT_TEAM = WD65G8C4YP;
				INFOPLIST_FILE = mapkitdemo/Info.plist;
				IPHONEOS_DEPLOYMENT_TARGET = 10.0;
				LD_RUNPATH_SEARCH_PATHS = (
					"$(inherited)",
					"@executable_path/Frameworks",
				);
				PRODUCT_BUNDLE_IDENTIFIER = com.swiftalmanac.mapkitdemo;
				PRODUCT_NAME = "$(TARGET_NAME)";
				SWIFT_VERSION = 4.0;
				TARGETED_DEVICE_FAMILY = "1,2";
			};
			name = Debug;
		};
		BE5C87F8209A9780002DA6EF /* Release */ = {
			isa = XCBuildConfiguration;
			buildSettings = {
				ASSETCATALOG_COMPILER_APPICON_NAME = AppIcon;
				CODE_SIGN_STYLE = Automatic;
				DEVELOPMENT_TEAM = WD65G8C4YP;
				INFOPLIST_FILE = mapkitdemo/Info.plist;
				IPHONEOS_DEPLOYMENT_TARGET = 10.0;
				LD_RUNPATH_SEARCH_PATHS = (
					"$(inherited)",
					"@executable_path/Frameworks",
				);
				PRODUCT_BUNDLE_IDENTIFIER = com.swiftalmanac.mapkitdemo;
				PRODUCT_NAME = "$(TARGET_NAME)";
				SWIFT_VERSION = 4.0;
				TARGETED_DEVICE_FAMILY = "1,2";
			};
			name = Release;
		};
/* End XCBuildConfiguration section */

/* Begin XCConfigurationList section */
		BE5C87DF209A977F002DA6EF /* Build configuration list for PBXProject "mapkitdemo" */ = {
			isa = XCConfigurationList;
			buildConfigurations = (
				BE5C87F4209A9780002DA6EF /* Debug */,
				BE5C87F5209A9780002DA6EF /* Release */,
			);
			defaultConfigurationIsVisible = 0;
			defaultConfigurationName = Release;
		};
		BE5C87F6209A9780002DA6EF /* Build configuration list for PBXNativeTarget "mapkitdemo" */ = {
			isa = XCConfigurationList;
			buildConfigurations = (
				BE5C87F7209A9780002DA6EF /* Debug */,
				BE5C87F8209A9780002DA6EF /* Release */,
			);
			defaultConfigurationIsVisible = 0;
			defaultConfigurationName = Release;
		};
/* End XCConfigurationList section */
	};
	rootObject = BE5C87DC209A977F002DA6EF /* Project object */;
}
